
Microsoft Visual Studio Solution File, Format Version 12.00
# Visual Studio 15
VisualStudioVersion = 15.0.28307.271
MinimumVisualStudioVersion = 10.0.40219.1
Project("{FAE04EC0-301F-11D3-BF4B-00C04F79EFBC}") = "FriendOrganizer.UI", "FriendOrganizer.UI\FriendOrganizer.UI.csproj", "{4E896C38-74A2-4971-863A-976442B8184B}"
EndProject
Project("{9A19103F-16F7-4668-BE54-9A1E7A4F7556}") = "FriendOrganizer.DataAccess", "FriendOrganizer.DataAccess\FriendOrganizer.DataAccess.csproj", "{C8520553-50E2-479C-BF02-8AE8172E6FB0}"
EndProject
Project("{FAE04EC0-301F-11D3-BF4B-00C04F79EFBC}") = "FriendOrganizer.Model", "FriendOrganizer.Model\FriendOrganizer.Model.csproj", "{09C84EDC-BCBA-4760-8FD3-34241DAFFA17}"
EndProject
Global
	GlobalSection(SolutionConfigurationPlatforms) = preSolution
		Debug|Any CPU = Debug|Any CPU
		Release|Any CPU = Release|Any CPU
	EndGlobalSection
	GlobalSection(ProjectConfigurationPlatforms) = postSolution
		{4E896C38-74A2-4971-863A-976442B8184B}.Debug|Any CPU.ActiveCfg = Debug|Any CPU
		{4E896C38-74A2-4971-863A-976442B8184B}.Debug|Any CPU.Build.0 = Debug|Any CPU
		{4E896C38-74A2-4971-863A-976442B8184B}.Release|Any CPU.ActiveCfg = Release|Any CPU
		{4E896C38-74A2-4971-863A-976442B8184B}.Release|Any CPU.Build.0 = Release|Any CPU
		{C8520553-50E2-479C-BF02-8AE8172E6FB0}.Debug|Any CPU.ActiveCfg = Debug|Any CPU
		{C8520553-50E2-479C-BF02-8AE8172E6FB0}.Debug|Any CPU.Build.0 = Debug|Any CPU
		{C8520553-50E2-479C-BF02-8AE8172E6FB0}.Release|Any CPU.ActiveCfg = Release|Any CPU
		{C8520553-50E2-479C-BF02-8AE8172E6FB0}.Release|Any CPU.Build.0 = Release|Any CPU
		{09C84EDC-BCBA-4760-8FD3-34241DAFFA17}.Debug|Any CPU.ActiveCfg = Debug|Any CPU
		{09C84EDC-BCBA-4760-8FD3-34241DAFFA17}.Debug|Any CPU.Build.0 = Debug|Any CPU
		{09C84EDC-BCBA-4760-8FD3-34241DAFFA17}.Release|Any CPU.ActiveCfg = Release|Any CPU
		{09C84EDC-BCBA-4760-8FD3-34241DAFFA17}.Release|Any CPU.Build.0 = Release|Any CPU
	EndGlobalSection
	GlobalSection(SolutionProperties) = preSolution
		HideSolutionNode = FALSE
	EndGlobalSection
	GlobalSection(ExtensibilityGlobals) = postSolution
		SolutionGuid = {26EB3550-E414-4B19-AEA2-583AE5064BDF}
	EndGlobalSection
EndGlobal
